{
  "object": {
    "pins": [
      {
        "package": "SamplePackage",
        "repositoryURL": "git@github.com:tid-kijyun/SamplePackage.git",
        "state": {
          "branch": null,
          "revision": "b849fa34b8b2d44ea2e30b7de43e9dfb55338a18",
          "version": "1.2.0"
        }
      }
    ]
  },
  "version": 1
}
